
Microsoft Visual Studio Solution File, Format Version 12.00
# Visual Studio Version 17
VisualStudioVersion = 17.5.33516.290
MinimumVisualStudioVersion = 10.0.40219.1
Project("{FAE04EC0-301F-11D3-BF4B-00C04F79EFBC}") = "Idempotent.Consumer.Pattern.Example.Publisher", "Idempotent.Consumer.Pattern.Example.Publisher\Idempotent.Consumer.Pattern.Example.Publisher.csproj", "{7320B58D-1620-4CE1-B283-37E3E354A51F}"
EndProject
Project("{FAE04EC0-301F-11D3-BF4B-00C04F79EFBC}") = "Idempotent.Consumer.Pattern.Example.Consumer", "Idempotent.Consumer.Pattern.Example.Consumer\Idempotent.Consumer.Pattern.Example.Consumer.csproj", "{B9DE7603-CC82-4EE2-9743-3134CFA24AAF}"
EndProject
Project("{FAE04EC0-301F-11D3-BF4B-00C04F79EFBC}") = "Idempotent.Consumer.Pattern.Example.Shared", "Idempotent.Consumer.Pattern.Example.Shared\Idempotent.Consumer.Pattern.Example.Shared.csproj", "{4C05CA14-46B3-4E98-ABBD-B42E0E0A5BB1}"
EndProject
Global
	GlobalSection(SolutionConfigurationPlatforms) = preSolution
		Debug|Any CPU = Debug|Any CPU
		Release|Any CPU = Release|Any CPU
	EndGlobalSection
	GlobalSection(ProjectConfigurationPlatforms) = postSolution
		{7320B58D-1620-4CE1-B283-37E3E354A51F}.Debug|Any CPU.ActiveCfg = Debug|Any CPU
		{7320B58D-1620-4CE1-B283-37E3E354A51F}.Debug|Any CPU.Build.0 = Debug|Any CPU
		{7320B58D-1620-4CE1-B283-37E3E354A51F}.Release|Any CPU.ActiveCfg = Release|Any CPU
		{7320B58D-1620-4CE1-B283-37E3E354A51F}.Release|Any CPU.Build.0 = Release|Any CPU
		{B9DE7603-CC82-4EE2-9743-3134CFA24AAF}.Debug|Any CPU.ActiveCfg = Debug|Any CPU
		{B9DE7603-CC82-4EE2-9743-3134CFA24AAF}.Debug|Any CPU.Build.0 = Debug|Any CPU
		{B9DE7603-CC82-4EE2-9743-3134CFA24AAF}.Release|Any CPU.ActiveCfg = Release|Any CPU
		{B9DE7603-CC82-4EE2-9743-3134CFA24AAF}.Release|Any CPU.Build.0 = Release|Any CPU
		{4C05CA14-46B3-4E98-ABBD-B42E0E0A5BB1}.Debug|Any CPU.ActiveCfg = Debug|Any CPU
		{4C05CA14-46B3-4E98-ABBD-B42E0E0A5BB1}.Debug|Any CPU.Build.0 = Debug|Any CPU
		{4C05CA14-46B3-4E98-ABBD-B42E0E0A5BB1}.Release|Any CPU.ActiveCfg = Release|Any CPU
		{4C05CA14-46B3-4E98-ABBD-B42E0E0A5BB1}.Release|Any CPU.Build.0 = Release|Any CPU
	EndGlobalSection
	GlobalSection(SolutionProperties) = preSolution
		HideSolutionNode = FALSE
	EndGlobalSection
	GlobalSection(ExtensibilityGlobals) = postSolution
		SolutionGuid = {8F1F65CA-F5B2-4605-9580-2B70BAFA2F1B}
	EndGlobalSection
EndGlobal
